// !$*UTF8*$!
{
	archiveVersion = 1;
	classes = {
	};
	objectVersion = 50;
	objects = {

/* Begin PBXBuildFile section */
		9E169212238D19990026E2B4 /* AppDelegate.swift in Sources */ = {isa = PBXBuildFile; fileRef = 9E169211238D19990026E2B4 /* AppDelegate.swift */; };
		9E169214238D19990026E2B4 /* SceneDelegate.swift in Sources */ = {isa = PBXBuildFile; fileRef = 9E169213238D19990026E2B4 /* SceneDelegate.swift */; };
		9E16921B238D199B0026E2B4 /* Assets.xcassets in Resources */ = {isa = PBXBuildFile; fileRef = 9E16921A238D199B0026E2B4 /* Assets.xcassets */; };
		9E16921E238D199B0026E2B4 /* LaunchScreen.storyboard in Resources */ = {isa = PBXBuildFile; fileRef = 9E16921C238D199B0026E2B4 /* LaunchScreen.storyboard */; };
		9E16922F238D23BE0026E2B4 /* Default-568h@2x.png in Resources */ = {isa = PBXBuildFile; fileRef = 9E16922E238D23BE0026E2B4 /* Default-568h@2x.png */; };
		9E169231238D25B00026E2B4 /* CommentsViewController.swift in Sources */ = {isa = PBXBuildFile; fileRef = 9E169230238D25B00026E2B4 /* CommentsViewController.swift */; };
		9E169233238D29830026E2B4 /* CommentCell.swift in Sources */ = {isa = PBXBuildFile; fileRef = 9E169232238D29830026E2B4 /* CommentCell.swift */; };
		9E46933C238E7683001DC891 /* Main.storyboard in Resources */ = {isa = PBXBuildFile; fileRef = 9E169217238D19990026E2B4 /* Main.storyboard */; };
		9E6CBAAA238D2F8900AA1FB1 /* Comment.swift in Sources */ = {isa = PBXBuildFile; fileRef = 9E6CBAA9238D2F8900AA1FB1 /* Comment.swift */; };
		9E6CBAAD238D39A300AA1FB1 /* NetworkService.swift in Sources */ = {isa = PBXBuildFile; fileRef = 9E6CBAAC238D39A300AA1FB1 /* NetworkService.swift */; };
		9EFCAF30238E5801000B9CE4 /* CommentNetworkService.swift in Sources */ = {isa = PBXBuildFile; fileRef = 9EFCAF2F238E5801000B9CE4 /* CommentNetworkService.swift */; };
		9EFCAF32238E5D32000B9CE4 /* GetCommentResponse.swift in Sources */ = {isa = PBXBuildFile; fileRef = 9EFCAF31238E5D32000B9CE4 /* GetCommentResponse.swift */; };
		9EFCAF35238E5E30000B9CE4 /* NetworkError.swift in Sources */ = {isa = PBXBuildFile; fileRef = 9EFCAF34238E5E30000B9CE4 /* NetworkError.swift */; };
/* End PBXBuildFile section */

/* Begin PBXFileReference section */
		9E16920E238D19990026E2B4 /* 16.Standart MVC-N Project.app */ = {isa = PBXFileReference; explicitFileType = wrapper.application; includeInIndex = 0; path = "16.Standart MVC-N Project.app"; sourceTree = BUILT_PRODUCTS_DIR; };
		9E169211238D19990026E2B4 /* AppDelegate.swift */ = {isa = PBXFileReference; lastKnownFileType = sourcecode.swift; path = AppDelegate.swift; sourceTree = "<group>"; };
		9E169213238D19990026E2B4 /* SceneDelegate.swift */ = {isa = PBXFileReference; lastKnownFileType = sourcecode.swift; path = SceneDelegate.swift; sourceTree = "<group>"; };
		9E169218238D19990026E2B4 /* Base */ = {isa = PBXFileReference; lastKnownFileType = file.storyboard; name = Base; path = Base.lproj/Main.storyboard; sourceTree = "<group>"; };
		9E16921A238D199B0026E2B4 /* Assets.xcassets */ = {isa = PBXFileReference; lastKnownFileType = folder.assetcatalog; path = Assets.xcassets; sourceTree = "<group>"; };
		9E16921D238D199B0026E2B4 /* Base */ = {isa = PBXFileReference; lastKnownFileType = file.storyboard; name = Base; path = Base.lproj/LaunchScreen.storyboard; sourceTree = "<group>"; };
		9E16921F238D199B0026E2B4 /* Info.plist */ = {isa = PBXFileReference; lastKnownFileType = text.plist.xml; path = Info.plist; sourceTree = "<group>"; };
		9E16922E238D23BE0026E2B4 /* Default-568h@2x.png */ = {isa = PBXFileReference; lastKnownFileType = image.png; path = "Default-568h@2x.png"; sourceTree = "<group>"; };
		9E169230238D25B00026E2B4 /* CommentsViewController.swift */ = {isa = PBXFileReference; lastKnownFileType = sourcecode.swift; path = CommentsViewController.swift; sourceTree = "<group>"; };
		9E169232238D29830026E2B4 /* CommentCell.swift */ = {isa = PBXFileReference; lastKnownFileType = sourcecode.swift; path = CommentCell.swift; sourceTree = "<group>"; };
		9E6CBAA9238D2F8900AA1FB1 /* Comment.swift */ = {isa = PBXFileReference; lastKnownFileType = sourcecode.swift; path = Comment.swift; sourceTree = "<group>"; };
		9E6CBAAC238D39A300AA1FB1 /* NetworkService.swift */ = {isa = PBXFileReference; lastKnownFileType = sourcecode.swift; path = NetworkService.swift; sourceTree = "<group>"; };
		9EFCAF2F238E5801000B9CE4 /* CommentNetworkService.swift */ = {isa = PBXFileReference; lastKnownFileType = sourcecode.swift; path = CommentNetworkService.swift; sourceTree = "<group>"; };
		9EFCAF31238E5D32000B9CE4 /* GetCommentResponse.swift */ = {isa = PBXFileReference; lastKnownFileType = sourcecode.swift; path = GetCommentResponse.swift; sourceTree = "<group>"; };
		9EFCAF34238E5E30000B9CE4 /* NetworkError.swift */ = {isa = PBXFileReference; lastKnownFileType = sourcecode.swift; path = NetworkError.swift; sourceTree = "<group>"; };
/* End PBXFileReference section */

/* Begin PBXFrameworksBuildPhase section */
		9E16920B238D19990026E2B4 /* Frameworks */ = {
			isa = PBXFrameworksBuildPhase;
			buildActionMask = 2147483647;
			files = (
			);
			runOnlyForDeploymentPostprocessing = 0;
		};
/* End PBXFrameworksBuildPhase section */

/* Begin PBXGroup section */
		9E169205238D19990026E2B4 = {
			isa = PBXGroup;
			children = (
				9E16922E238D23BE0026E2B4 /* Default-568h@2x.png */,
				9E169210238D19990026E2B4 /* 16.Standart MVC-N Project */,
				9E16920F238D19990026E2B4 /* Products */,
			);
			sourceTree = "<group>";
		};
		9E16920F238D19990026E2B4 /* Products */ = {
			isa = PBXGroup;
			children = (
				9E16920E238D19990026E2B4 /* 16.Standart MVC-N Project.app */,
			);
			name = Products;
			sourceTree = "<group>";
		};
		9E169210238D19990026E2B4 /* 16.Standart MVC-N Project */ = {
			isa = PBXGroup;
			children = (
				9E169228238D19EA0026E2B4 /* Application */,
				9E169229238D19FA0026E2B4 /* Comments */,
				9E16922D238D1A620026E2B4 /* Supporting Files */,
			);
			path = "16.Standart MVC-N Project";
			sourceTree = "<group>";
		};
		9E169225238D19B40026E2B4 /* Controller */ = {
			isa = PBXGroup;
			children = (
				9E169211238D19990026E2B4 /* AppDelegate.swift */,
				9E169213238D19990026E2B4 /* SceneDelegate.swift */,
			);
			path = Controller;
			sourceTree = "<group>";
		};
		9E169226238D19B80026E2B4 /* View */ = {
			isa = PBXGroup;
			children = (
				9E16921C238D199B0026E2B4 /* LaunchScreen.storyboard */,
			);
			path = View;
			sourceTree = "<group>";
		};
		9E169227238D19BB0026E2B4 /* Model */ = {
			isa = PBXGroup;
			children = (
				9EFCAF34238E5E30000B9CE4 /* NetworkError.swift */,
			);
			path = Model;
			sourceTree = "<group>";
		};
		9E169228238D19EA0026E2B4 /* Application */ = {
			isa = PBXGroup;
			children = (
				9E169227238D19BB0026E2B4 /* Model */,
				9E169226238D19B80026E2B4 /* View */,
				9E169225238D19B40026E2B4 /* Controller */,
				9E6CBAAB238D396F00AA1FB1 /* NetworkService */,
			);
			path = Application;
			sourceTree = "<group>";
		};
		9E169229238D19FA0026E2B4 /* Comments */ = {
			isa = PBXGroup;
			children = (
				9E16922A238D1A230026E2B4 /* Model */,
				9E16922B238D1A2C0026E2B4 /* View */,
				9E16922C238D1A320026E2B4 /* Controller */,
				9EFCAF2E238E57E1000B9CE4 /* CommentNetworkService */,
			);
			path = Comments;
			sourceTree = "<group>";
		};
		9E16922A238D1A230026E2B4 /* Model */ = {
			isa = PBXGroup;
			children = (
				9EFCAF33238E5DAA000B9CE4 /* Responses */,
				9E6CBAA9238D2F8900AA1FB1 /* Comment.swift */,
			);
			path = Model;
			sourceTree = "<group>";
		};
		9E16922B238D1A2C0026E2B4 /* View */ = {
			isa = PBXGroup;
			children = (
				9E169217238D19990026E2B4 /* Main.storyboard */,
				9E169232238D29830026E2B4 /* CommentCell.swift */,
			);
			path = View;
			sourceTree = "<group>";
		};
		9E16922C238D1A320026E2B4 /* Controller */ = {
			isa = PBXGroup;
			children = (
				9E169230238D25B00026E2B4 /* CommentsViewController.swift */,
			);
			path = Controller;
			sourceTree = "<group>";
		};
		9E16922D238D1A620026E2B4 /* Supporting Files */ = {
			isa = PBXGroup;
			children = (
				9E16921A238D199B0026E2B4 /* Assets.xcassets */,
				9E16921F238D199B0026E2B4 /* Info.plist */,
			);
			path = "Supporting Files";
			sourceTree = "<group>";
		};
		9E6CBAAB238D396F00AA1FB1 /* NetworkService */ = {
			isa = PBXGroup;
			children = (
				9E6CBAAC238D39A300AA1FB1 /* NetworkService.swift */,
			);
			path = NetworkService;
			sourceTree = "<group>";
		};
		9EFCAF2E238E57E1000B9CE4 /* CommentNetworkService */ = {
			isa = PBXGroup;
			children = (
				9EFCAF2F238E5801000B9CE4 /* CommentNetworkService.swift */,
			);
			path = CommentNetworkService;
			sourceTree = "<group>";
		};
		9EFCAF33238E5DAA000B9CE4 /* Responses */ = {
			isa = PBXGroup;
			children = (
				9EFCAF31238E5D32000B9CE4 /* GetCommentResponse.swift */,
			);
			name = Responses;
			sourceTree = "<group>";
		};
/* End PBXGroup section */

/* Begin PBXNativeTarget section */
		9E16920D238D19990026E2B4 /* 16.Standart MVC-N Project */ = {
			isa = PBXNativeTarget;
			buildConfigurationList = 9E169222238D199B0026E2B4 /* Build configuration list for PBXNativeTarget "16.Standart MVC-N Project" */;
			buildPhases = (
				9E16920A238D19990026E2B4 /* Sources */,
				9E16920B238D19990026E2B4 /* Frameworks */,
				9E16920C238D19990026E2B4 /* Resources */,
			);
			buildRules = (
			);
			dependencies = (
			);
			name = "16.Standart MVC-N Project";
			productName = "16.Standart MVC-N Project";
			productReference = 9E16920E238D19990026E2B4 /* 16.Standart MVC-N Project.app */;
			productType = "com.apple.product-type.application";
		};
/* End PBXNativeTarget section */

/* Begin PBXProject section */
		9E169206238D19990026E2B4 /* Project object */ = {
			isa = PBXProject;
			attributes = {
				LastSwiftUpdateCheck = 1110;
				LastUpgradeCheck = 1110;
				ORGANIZATIONNAME = "Максим Окунеев";
				TargetAttributes = {
					9E16920D238D19990026E2B4 = {
						CreatedOnToolsVersion = 11.1;
					};
				};
			};
			buildConfigurationList = 9E169209238D19990026E2B4 /* Build configuration list for PBXProject "16.Standart MVC-N Project" */;
			compatibilityVersion = "Xcode 9.3";
			developmentRegion = en;
			hasScannedForEncodings = 0;
			knownRegions = (
				en,
				Base,
			);
			mainGroup = 9E169205238D19990026E2B4;
			productRefGroup = 9E16920F238D19990026E2B4 /* Products */;
			projectDirPath = "";
			projectRoot = "";
			targets = (
				9E16920D238D19990026E2B4 /* 16.Standart MVC-N Project */,
			);
		};
/* End PBXProject section */

/* Begin PBXResourcesBuildPhase section */
		9E16920C238D19990026E2B4 /* Resources */ = {
			isa = PBXResourcesBuildPhase;
			buildActionMask = 2147483647;
			files = (
				9E46933C238E7683001DC891 /* Main.storyboard in Resources */,
				9E16921E238D199B0026E2B4 /* LaunchScreen.storyboard in Resources */,
				9E16922F238D23BE0026E2B4 /* Default-568h@2x.png in Resources */,
				9E16921B238D199B0026E2B4 /* Assets.xcassets in Resources */,
			);
			runOnlyForDeploymentPostprocessing = 0;
		};
/* End PBXResourcesBuildPhase section */

/* Begin PBXSourcesBuildPhase section */
		9E16920A238D19990026E2B4 /* Sources */ = {
			isa = PBXSourcesBuildPhase;
			buildActionMask = 2147483647;
			files = (
				9E6CBAAA238D2F8900AA1FB1 /* Comment.swift in Sources */,
				9E169231238D25B00026E2B4 /* CommentsViewController.swift in Sources */,
				9E169212238D19990026E2B4 /* AppDelegate.swift in Sources */,
				9E169214238D19990026E2B4 /* SceneDelegate.swift in Sources */,
				9E6CBAAD238D39A300AA1FB1 /* NetworkService.swift in Sources */,
				9EFCAF32238E5D32000B9CE4 /* GetCommentResponse.swift in Sources */,
				9EFCAF35238E5E30000B9CE4 /* NetworkError.swift in Sources */,
				9E169233238D29830026E2B4 /* CommentCell.swift in Sources */,
				9EFCAF30238E5801000B9CE4 /* CommentNetworkService.swift in Sources */,
			);
			runOnlyForDeploymentPostprocessing = 0;
		};
/* End PBXSourcesBuildPhase section */

/* Begin PBXVariantGroup section */
		9E169217238D19990026E2B4 /* Main.storyboard */ = {
			isa = PBXVariantGroup;
			children = (
				9E169218238D19990026E2B4 /* Base */,
			);
			name = Main.storyboard;
			sourceTree = "<group>";
		};
		9E16921C238D199B0026E2B4 /* LaunchScreen.storyboard */ = {
			isa = PBXVariantGroup;
			children = (
				9E16921D238D199B0026E2B4 /* Base */,
			);
			name = LaunchScreen.storyboard;
			sourceTree = "<group>";
		};
/* End PBXVariantGroup section */

/* Begin XCBuildConfiguration section */
		9E169220238D199B0026E2B4 /* Debug */ = {
			isa = XCBuildConfiguration;
			buildSettings = {
				ALWAYS_SEARCH_USER_PATHS = NO;
				CLANG_ANALYZER_NONNULL = YES;
				CLANG_ANALYZER_NUMBER_OBJECT_CONVERSION = YES_AGGRESSIVE;
				CLANG_CXX_LANGUAGE_STANDARD = "gnu++14";
				CLANG_CXX_LIBRARY = "libc++";
				CLANG_ENABLE_MODULES = YES;
				CLANG_ENABLE_OBJC_ARC = YES;
				CLANG_ENABLE_OBJC_WEAK = YES;
				CLANG_WARN_BLOCK_CAPTURE_AUTORELEASING = YES;
				CLANG_WARN_BOOL_CONVERSION = YES;
				CLANG_WARN_COMMA = YES;
				CLANG_WARN_CONSTANT_CONVERSION = YES;
				CLANG_WARN_DEPRECATED_OBJC_IMPLEMENTATIONS = YES;
				CLANG_WARN_DIRECT_OBJC_ISA_USAGE = YES_ERROR;
				CLANG_WARN_DOCUMENTATION_COMMENTS = YES;
				CLANG_WARN_EMPTY_BODY = YES;
				CLANG_WARN_ENUM_CONVERSION = YES;
				CLANG_WARN_INFINITE_RECURSION = YES;
				CLANG_WARN_INT_CONVERSION = YES;
				CLANG_WARN_NON_LITERAL_NULL_CONVERSION = YES;
				CLANG_WARN_OBJC_IMPLICIT_RETAIN_SELF = YES;
				CLANG_WARN_OBJC_LITERAL_CONVERSION = YES;
				CLANG_WARN_OBJC_ROOT_CLASS = YES_ERROR;
				CLANG_WARN_RANGE_LOOP_ANALYSIS = YES;
				CLANG_WARN_STRICT_PROTOTYPES = YES;
				CLANG_WARN_SUSPICIOUS_MOVE = YES;
				CLANG_WARN_UNGUARDED_AVAILABILITY = YES_AGGRESSIVE;
				CLANG_WARN_UNREACHABLE_CODE = YES;
				CLANG_WARN__DUPLICATE_METHOD_MATCH = YES;
				COPY_PHASE_STRIP = NO;
				DEBUG_INFORMATION_FORMAT = dwarf;
				ENABLE_STRICT_OBJC_MSGSEND = YES;
				ENABLE_TESTABILITY = YES;
				GCC_C_LANGUAGE_STANDARD = gnu11;
				GCC_DYNAMIC_NO_PIC = NO;
				GCC_NO_COMMON_BLOCKS = YES;
				GCC_OPTIMIZATION_LEVEL = 0;
				GCC_PREPROCESSOR_DEFINITIONS = (
					"DEBUG=1",
					"$(inherited)",
				);
				GCC_WARN_64_TO_32_BIT_CONVERSION = YES;
				GCC_WARN_ABOUT_RETURN_TYPE = YES_ERROR;
				GCC_WARN_UNDECLARED_SELECTOR = YES;
				GCC_WARN_UNINITIALIZED_AUTOS = YES_AGGRESSIVE;
				GCC_WARN_UNUSED_FUNCTION = YES;
				GCC_WARN_UNUSED_VARIABLE = YES;
				IPHONEOS_DEPLOYMENT_TARGET = 13.1;
				MTL_ENABLE_DEBUG_INFO = INCLUDE_SOURCE;
				MTL_FAST_MATH = YES;
				ONLY_ACTIVE_ARCH = YES;
				SDKROOT = iphoneos;
				SWIFT_ACTIVE_COMPILATION_CONDITIONS = DEBUG;
				SWIFT_OPTIMIZATION_LEVEL = "-Onone";
			};
			name = Debug;
		};
		9E169221238D199B0026E2B4 /* Release */ = {
			isa = XCBuildConfiguration;
			buildSettings = {
				ALWAYS_SEARCH_USER_PATHS = NO;
				CLANG_ANALYZER_NONNULL = YES;
				CLANG_ANALYZER_NUMBER_OBJECT_CONVERSION = YES_AGGRESSIVE;
				CLANG_CXX_LANGUAGE_STANDARD = "gnu++14";
				CLANG_CXX_LIBRARY = "libc++";
				CLANG_ENABLE_MODULES = YES;
				CLANG_ENABLE_OBJC_ARC = YES;
				CLANG_ENABLE_OBJC_WEAK = YES;
				CLANG_WARN_BLOCK_CAPTURE_AUTORELEASING = YES;
				CLANG_WARN_BOOL_CONVERSION = YES;
				CLANG_WARN_COMMA = YES;
				CLANG_WARN_CONSTANT_CONVERSION = YES;
				CLANG_WARN_DEPRECATED_OBJC_IMPLEMENTATIONS = YES;
				CLANG_WARN_DIRECT_OBJC_ISA_USAGE = YES_ERROR;
				CLANG_WARN_DOCUMENTATION_COMMENTS = YES;
				CLANG_WARN_EMPTY_BODY = YES;
				CLANG_WARN_ENUM_CONVERSION = YES;
				CLANG_WARN_INFINITE_RECURSION = YES;
				CLANG_WARN_INT_CONVERSION = YES;
				CLANG_WARN_NON_LITERAL_NULL_CONVERSION = YES;
				CLANG_WARN_OBJC_IMPLICIT_RETAIN_SELF = YES;
				CLANG_WARN_OBJC_LITERAL_CONVERSION = YES;
				CLANG_WARN_OBJC_ROOT_CLASS = YES_ERROR;
				CLANG_WARN_RANGE_LOOP_ANALYSIS = YES;
				CLANG_WARN_STRICT_PROTOTYPES = YES;
				CLANG_WARN_SUSPICIOUS_MOVE = YES;
				CLANG_WARN_UNGUARDED_AVAILABILITY = YES_AGGRESSIVE;
				CLANG_WARN_UNREACHABLE_CODE = YES;
				CLANG_WARN__DUPLICATE_METHOD_MATCH = YES;
				COPY_PHASE_STRIP = NO;
				DEBUG_INFORMATION_FORMAT = "dwarf-with-dsym";
				ENABLE_NS_ASSERTIONS = NO;
				ENABLE_STRICT_OBJC_MSGSEND = YES;
				GCC_C_LANGUAGE_STANDARD = gnu11;
				GCC_NO_COMMON_BLOCKS = YES;
				GCC_WARN_64_TO_32_BIT_CONVERSION = YES;
				GCC_WARN_ABOUT_RETURN_TYPE = YES_ERROR;
				GCC_WARN_UNDECLARED_SELECTOR = YES;
				GCC_WARN_UNINITIALIZED_AUTOS = YES_AGGRESSIVE;
				GCC_WARN_UNUSED_FUNCTION = YES;
				GCC_WARN_UNUSED_VARIABLE = YES;
				IPHONEOS_DEPLOYMENT_TARGET = 13.1;
				MTL_ENABLE_DEBUG_INFO = NO;
				MTL_FAST_MATH = YES;
				SDKROOT = iphoneos;
				SWIFT_COMPILATION_MODE = wholemodule;
				SWIFT_OPTIMIZATION_LEVEL = "-O";
				VALIDATE_PRODUCT = YES;
			};
			name = Release;
		};
		9E169223238D199B0026E2B4 /* Debug */ = {
			isa = XCBuildConfiguration;
			buildSettings = {
				ASSETCATALOG_COMPILER_APPICON_NAME = AppIcon;
				CODE_SIGN_STYLE = Automatic;
				DEVELOPMENT_TEAM = WJR74JV9LN;
				INFOPLIST_FILE = "$(SRCROOT)/16.Standart MVC-N Project/Supporting Files/Info.plist";
				LD_RUNPATH_SEARCH_PATHS = (
					"$(inherited)",
					"@executable_path/Frameworks",
				);
				PRODUCT_BUNDLE_IDENTIFIER = "-.-6-Standart-MVC-N-Project";
				PRODUCT_NAME = "$(TARGET_NAME)";
				SWIFT_VERSION = 5.0;
				TARGETED_DEVICE_FAMILY = "1,2";
			};
			name = Debug;
		};
		9E169224238D199B0026E2B4 /* Release */ = {
			isa = XCBuildConfiguration;
			buildSettings = {
				ASSETCATALOG_COMPILER_APPICON_NAME = AppIcon;
				CODE_SIGN_STYLE = Automatic;
				DEVELOPMENT_TEAM = WJR74JV9LN;
				INFOPLIST_FILE = "$(SRCROOT)/16.Standart MVC-N Project/Supporting Files/Info.plist";
				LD_RUNPATH_SEARCH_PATHS = (
					"$(inherited)",
					"@executable_path/Frameworks",
				);
				PRODUCT_BUNDLE_IDENTIFIER = "-.-6-Standart-MVC-N-Project";
				PRODUCT_NAME = "$(TARGET_NAME)";
				SWIFT_VERSION = 5.0;
				TARGETED_DEVICE_FAMILY = "1,2";
			};
			name = Release;
		};
/* End XCBuildConfiguration section */

/* Begin XCConfigurationList section */
		9E169209238D19990026E2B4 /* Build configuration list for PBXProject "16.Standart MVC-N Project" */ = {
			isa = XCConfigurationList;
			buildConfigurations = (
				9E169220238D199B0026E2B4 /* Debug */,
				9E169221238D199B0026E2B4 /* Release */,
			);
			defaultConfigurationIsVisible = 0;
			defaultConfigurationName = Release;
		};
		9E169222238D199B0026E2B4 /* Build configuration list for PBXNativeTarget "16.Standart MVC-N Project" */ = {
			isa = XCConfigurationList;
			buildConfigurations = (
				9E169223238D199B0026E2B4 /* Debug */,
				9E169224238D199B0026E2B4 /* Release */,
			);
			defaultConfigurationIsVisible = 0;
			defaultConfigurationName = Release;
		};
/* End XCConfigurationList section */
	};
	rootObject = 9E169206238D19990026E2B4 /* Project object */;
}
